{
  "nodes": {
    "nixpkgs": {
      "locked": {
        "lastModified": 1760423683,
        "narHash": "sha256-Tb+NYuJhWZieDZUxN6PgglB16yuqBYQeMJyYBGCXlt8=",
        "owner": "nixos",
        "repo": "nixpkgs",
        "rev": "a493e93b4a259cd9fea8073f89a7ed9b1c5a1da2",
        "type": "github"
      },
      "original": {
        "owner": "nixos",
        "ref": "nixos-25.05",
        "repo": "nixpkgs",
        "type": "github"
      }
    },
    "root": {
      "inputs": {
        "nixpkgs": "nixpkgs",
        "wpsoffice": "wpsoffice"
      }
    },
    "wpsoffice": {
      "inputs": {
        "nixpkgs": [
          "nixpkgs"
        ]
      },
      "locked": {
        "lastModified": 1763009337,
        "narHash": "sha256-O/RRkyfIHgFqFJd5W4z3AQrCTk61UmTe7d6lsz/cM7g=",
        "owner": "alex-karev",
        "repo": "wpsoffice-flake",
        "rev": "ba38924c40c8558b547c24e8c4f86e1984fe655a",
        "type": "github"
      },
      "original": {
        "owner": "alex-karev",
        "repo": "wpsoffice-flake",
        "type": "github"
      }
    }
  },
  "root": "root",
  "version": 7
}
